
Microsoft Visual Studio Solution File, Format Version 12.00
# Visual Studio Version 17
VisualStudioVersion = 17.14.36518.9 d17.14
MinimumVisualStudioVersion = 10.0.40219.1
Project("{FAE04EC0-301F-11D3-BF4B-00C04F79EFBC}") = "BlazorApp1-web-azure", "BlazorApp1-web-azure.csproj", "{86CFB584-5C87-4F71-B101-86E57B918A8E}"
EndProject
Global
	GlobalSection(SolutionConfigurationPlatforms) = preSolution
		Debug|Any CPU = Debug|Any CPU
		Release|Any CPU = Release|Any CPU
	EndGlobalSection
	GlobalSection(ProjectConfigurationPlatforms) = postSolution
		{86CFB584-5C87-4F71-B101-86E57B918A8E}.Debug|Any CPU.ActiveCfg = Debug|Any CPU
		{86CFB584-5C87-4F71-B101-86E57B918A8E}.Debug|Any CPU.Build.0 = Debug|Any CPU
		{86CFB584-5C87-4F71-B101-86E57B918A8E}.Release|Any CPU.ActiveCfg = Release|Any CPU
		{86CFB584-5C87-4F71-B101-86E57B918A8E}.Release|Any CPU.Build.0 = Release|Any CPU
	EndGlobalSection
	GlobalSection(SolutionProperties) = preSolution
		HideSolutionNode = FALSE
	EndGlobalSection
	GlobalSection(ExtensibilityGlobals) = postSolution
		SolutionGuid = {10D61BC7-EFB1-49DF-B422-E5EBE2A4CE49}
	EndGlobalSection
EndGlobal
